
Microsoft Visual Studio Solution File, Format Version 12.00
# Visual Studio Version 17
VisualStudioVersion = 17.6.33723.286
MinimumVisualStudioVersion = 10.0.40219.1
Project("{FAE04EC0-301F-11D3-BF4B-00C04F79EFBC}") = "BulkyWeb", "BulkyWeb\BulkyWeb.csproj", "{460634DA-CEFC-4923-ABC8-FEB58676C6A4}"
EndProject
Global
	GlobalSection(SolutionConfigurationPlatforms) = preSolution
		Debug|Any CPU = Debug|Any CPU
		Release|Any CPU = Release|Any CPU
	EndGlobalSection
	GlobalSection(ProjectConfigurationPlatforms) = postSolution
		{460634DA-CEFC-4923-ABC8-FEB58676C6A4}.Debug|Any CPU.ActiveCfg = Debug|Any CPU
		{460634DA-CEFC-4923-ABC8-FEB58676C6A4}.Debug|Any CPU.Build.0 = Debug|Any CPU
		{460634DA-CEFC-4923-ABC8-FEB58676C6A4}.Release|Any CPU.ActiveCfg = Release|Any CPU
		{460634DA-CEFC-4923-ABC8-FEB58676C6A4}.Release|Any CPU.Build.0 = Release|Any CPU
	EndGlobalSection
	GlobalSection(SolutionProperties) = preSolution
		HideSolutionNode = FALSE
	EndGlobalSection
	GlobalSection(ExtensibilityGlobals) = postSolution
		SolutionGuid = {7AFF03F8-FB61-4678-A5BA-D8FA6A023389}
	EndGlobalSection
EndGlobal
